
Microsoft Visual Studio Solution File, Format Version 12.00
# Visual Studio 15
Project("{FAE04EC0-301F-11D3-BF4B-00C04F79EFBC}") = "Unity.Timeline", "Unity.Timeline.csproj", "{8F078323-26D3-0C9F-8286-348B1469A7AD}"
EndProject
Project("{FAE04EC0-301F-11D3-BF4B-00C04F79EFBC}") = "Unity.2D.Aseprite.Editor", "Unity.2D.Aseprite.Editor.csproj", "{B17D3EE7-FFD5-244B-8354-3283E558EF83}"
EndProject
Project("{FAE04EC0-301F-11D3-BF4B-00C04F79EFBC}") = "Unity.VisualScripting.Flow", "Unity.VisualScripting.Flow.csproj", "{0D6ABE4F-E902-B1F5-D1E3-D72D8C42443B}"
EndProject
Project("{FAE04EC0-301F-11D3-BF4B-00C04F79EFBC}") = "Unity.Timeline.Editor", "Unity.Timeline.Editor.csproj", "{57673EC0-CD52-378B-E85E-BCF00446B374}"
EndProject
Project("{FAE04EC0-301F-11D3-BF4B-00C04F79EFBC}") = "Unity.PlasticSCM.Editor", "Unity.PlasticSCM.Editor.csproj", "{5C024E1E-13FA-CAC1-C958-516087540F4F}"
EndProject
Project("{FAE04EC0-301F-11D3-BF4B-00C04F79EFBC}") = "Unity.Mathematics", "Unity.Mathematics.csproj", "{825F52A7-5D8F-AFB6-BFA1-E9A09E3E2256}"
EndProject
Project("{FAE04EC0-301F-11D3-BF4B-00C04F79EFBC}") = "Unity.2D.Common.Path.Editor", "Unity.2D.Common.Path.Editor.csproj", "{FC78F4E8-2B59-53C8-6807-D2B397D16B5B}"
EndProject
Project("{FAE04EC0-301F-11D3-BF4B-00C04F79EFBC}") = "Unity.2D.Psdimporter.Editor", "Unity.2D.Psdimporter.Editor.csproj", "{AE55FCA7-50B5-6110-9263-BA1C4F5B3AFB}"
EndProject
Project("{FAE04EC0-301F-11D3-BF4B-00C04F79EFBC}") = "Unity.2D.IK.Runtime", "Unity.2D.IK.Runtime.csproj", "{730CAA53-1D22-B260-953E-D50498F9B50F}"
EndProject
Project("{FAE04EC0-301F-11D3-BF4B-00C04F79EFBC}") = "Unity.VisualScripting.Core.Editor", "Unity.VisualScripting.Core.Editor.csproj", "{2C83069C-B146-3F8F-559A-CB28FD8FBB5F}"
EndProject
Project("{FAE04EC0-301F-11D3-BF4B-00C04F79EFBC}") = "UnityEditor.TestRunner", "UnityEditor.TestRunner.csproj", "{85569D1E-E935-F28B-D104-27B9FE2D4FC6}"
EndProject
Project("{FAE04EC0-301F-11D3-BF4B-00C04F79EFBC}") = "UnityEngine.TestRunner", "UnityEngine.TestRunner.csproj", "{F1ECD10C-A6CE-FB7D-2DDF-805B2321A7E9}"
EndProject
Project("{FAE04EC0-301F-11D3-BF4B-00C04F79EFBC}") = "Unity.VisualScripting.Core", "Unity.VisualScripting.Core.csproj", "{C60E3BFF-D0A6-18DD-920B-21FB32BB17D9}"
EndProject
Project("{FAE04EC0-301F-11D3-BF4B-00C04F79EFBC}") = "Unity.VisualScripting.Flow.Editor", "Unity.VisualScripting.Flow.Editor.csproj", "{E6AA6EEC-0A6F-B242-5757-FCF8B8861B5A}"
EndProject
Project("{FAE04EC0-301F-11D3-BF4B-00C04F79EFBC}") = "Unity.Burst", "Unity.Burst.csproj", "{E59AE9B2-523B-26DF-9CBB-C89BFAA6818B}"
EndProject
Project("{FAE04EC0-301F-11D3-BF4B-00C04F79EFBC}") = "PsdPlugin", "PsdPlugin.csproj", "{2C00DF0E-B29A-3659-09CB-D36E28B168E3}"
EndProject
Project("{FAE04EC0-301F-11D3-BF4B-00C04F79EFBC}") = "Unity.Collections", "Unity.Collections.csproj", "{BF53C3C0-A8DD-9E2B-4C06-BE33D19C581F}"
EndProject
Project("{FAE04EC0-301F-11D3-BF4B-00C04F79EFBC}") = "Unity.2D.Animation.Editor", "Unity.2D.Animation.Editor.csproj", "{A8B99E25-7EFA-7D6D-052F-14A5051C9D8A}"
EndProject
Project("{FAE04EC0-301F-11D3-BF4B-00C04F79EFBC}") = "Unity.2D.SpriteShape.Editor", "Unity.2D.SpriteShape.Editor.csproj", "{C9284394-E58C-7A8C-08D3-71007F0DBC55}"
EndProject
Project("{FAE04EC0-301F-11D3-BF4B-00C04F79EFBC}") = "Unity.VisualStudio.Editor", "Unity.VisualStudio.Editor.csproj", "{62D01139-7DFB-0390-A684-34D33E219C00}"
EndProject
Project("{FAE04EC0-301F-11D3-BF4B-00C04F79EFBC}") = "Unity.Rider.Editor", "Unity.Rider.Editor.csproj", "{A2C9C2FB-3D76-5CE1-BFC7-8C3EF97632FA}"
EndProject
Project("{FAE04EC0-301F-11D3-BF4B-00C04F79EFBC}") = "Unity.InternalAPIEditorBridge.001", "Unity.InternalAPIEditorBridge.001.csproj", "{158B1615-3A00-5A98-D989-3C3870D858EC}"
EndProject
Project("{FAE04EC0-301F-11D3-BF4B-00C04F79EFBC}") = "Unity.2D.SpriteShape.Runtime", "Unity.2D.SpriteShape.Runtime.csproj", "{47A22C13-01D3-60A5-C185-548E1F144BF0}"
EndProject
Project("{FAE04EC0-301F-11D3-BF4B-00C04F79EFBC}") = "Unity.VisualScripting.State.Editor", "Unity.VisualScripting.State.Editor.csproj", "{A8A387DA-99D0-8FE1-BEB0-DD7E4AA2052F}"
EndProject
Project("{FAE04EC0-301F-11D3-BF4B-00C04F79EFBC}") = "ScriptablePacker", "ScriptablePacker.csproj", "{C14A39D8-BED7-6054-CA9A-2CDDDB8E760F}"
EndProject
Project("{FAE04EC0-301F-11D3-BF4B-00C04F79EFBC}") = "Unity.Burst.CodeGen", "Unity.Burst.CodeGen.csproj", "{660F12E4-BFEC-85A3-F2E0-D0F42BD26DBF}"
EndProject
Project("{FAE04EC0-301F-11D3-BF4B-00C04F79EFBC}") = "Unity.VisualScripting.State", "Unity.VisualScripting.State.csproj", "{C4104BCD-5011-E93A-93CA-20AF776B143C}"
EndProject
Project("{FAE04EC0-301F-11D3-BF4B-00C04F79EFBC}") = "Unity.2D.Tilemap.Extras.Editor", "Unity.2D.Tilemap.Extras.Editor.csproj", "{F54EE84F-44B1-7B00-B4CA-F30AB534136D}"
EndProject
Project("{FAE04EC0-301F-11D3-BF4B-00C04F79EFBC}") = "Unity.2D.Animation.Runtime", "Unity.2D.Animation.Runtime.csproj", "{67CA08F0-94DF-BEAF-8E53-A642D1B22E46}"
EndProject
Project("{FAE04EC0-301F-11D3-BF4B-00C04F79EFBC}") = "Unity.VisualScripting.SettingsProvider.Editor", "Unity.VisualScripting.SettingsProvider.Editor.csproj", "{4686C6D8-6DC4-E9AA-418F-2DB8540B25F8}"
EndProject
Project("{FAE04EC0-301F-11D3-BF4B-00C04F79EFBC}") = "Unity.2D.IK.Editor", "Unity.2D.IK.Editor.csproj", "{54FB1C69-CFDB-CF4E-B7FA-A5EE026A33D4}"
EndProject
Project("{FAE04EC0-301F-11D3-BF4B-00C04F79EFBC}") = "Unity.InternalAPIEngineBridge.001", "Unity.InternalAPIEngineBridge.001.csproj", "{8FCDAAA2-4CD9-FC63-49A7-F65925F6CCBF}"
EndProject
Project("{FAE04EC0-301F-11D3-BF4B-00C04F79EFBC}") = "Assembly-CSharp", "Assembly-CSharp.csproj", "{E11EF275-4BA7-2C1F-60D6-E1ED6C09D50B}"
EndProject
Project("{FAE04EC0-301F-11D3-BF4B-00C04F79EFBC}") = "Unity.Burst.Editor", "Unity.Burst.Editor.csproj", "{24591754-DFAA-C965-C383-B937FA972BBF}"
EndProject
Project("{FAE04EC0-301F-11D3-BF4B-00C04F79EFBC}") = "Unity.2D.Aseprite.Common", "Unity.2D.Aseprite.Common.csproj", "{F0FEAFBD-B30D-F8B7-C5A3-581FF142647F}"
EndProject
Project("{FAE04EC0-301F-11D3-BF4B-00C04F79EFBC}") = "Unity.2D.Common.Editor", "Unity.2D.Common.Editor.csproj", "{303D7813-2EB2-A56C-0E8D-E46EB21B9A99}"
EndProject
Project("{FAE04EC0-301F-11D3-BF4B-00C04F79EFBC}") = "Unity.2D.PixelPerfect", "Unity.2D.PixelPerfect.csproj", "{F73CAB72-589B-677F-1143-782F913771EA}"
EndProject
Project("{FAE04EC0-301F-11D3-BF4B-00C04F79EFBC}") = "Unity.2D.PixelPerfect.Editor", "Unity.2D.PixelPerfect.Editor.csproj", "{F7CD4365-8C94-BDEF-14BE-A745585B3DE4}"
EndProject
Project("{FAE04EC0-301F-11D3-BF4B-00C04F79EFBC}") = "Unity.2D.Common.Runtime", "Unity.2D.Common.Runtime.csproj", "{8349C389-21CA-53CF-BFED-DBF75139BD6E}"
EndProject
Project("{FAE04EC0-301F-11D3-BF4B-00C04F79EFBC}") = "Unity.Mathematics.Editor", "Unity.Mathematics.Editor.csproj", "{6788378F-AB6B-64DE-6720-025AF15D81CB}"
EndProject
Project("{FAE04EC0-301F-11D3-BF4B-00C04F79EFBC}") = "Unity.2D.Tilemap.Extras", "Unity.2D.Tilemap.Extras.csproj", "{32D35FD9-C99B-731B-5801-540DC18AAC99}"
EndProject
Project("{FAE04EC0-301F-11D3-BF4B-00C04F79EFBC}") = "Unity.VisualScripting.Shared.Editor", "Unity.VisualScripting.Shared.Editor.csproj", "{4ABB5901-3500-7323-D6E7-CB76B3DBFC89}"
EndProject
Project("{FAE04EC0-301F-11D3-BF4B-00C04F79EFBC}") = "Unity.Collections.DocCodeSamples", "Unity.Collections.DocCodeSamples.csproj", "{1170B1FA-7982-9874-0EE5-70167FC34B42}"
EndProject
Project("{FAE04EC0-301F-11D3-BF4B-00C04F79EFBC}") = "Unity.Collections.BurstCompatibilityGen", "Unity.Collections.BurstCompatibilityGen.csproj", "{55F68358-A4B2-4EA2-741B-5A44C34A64A4}"
EndProject
Project("{FAE04EC0-301F-11D3-BF4B-00C04F79EFBC}") = "Unity.CollabProxy.Editor", "Unity.CollabProxy.Editor.csproj", "{4AB46B5D-9C49-A4C3-F35C-42B6BC462DEE}"
EndProject
Global
	GlobalSection(SolutionConfigurationPlatforms) = preSolution
		Debug|Any CPU = Debug|Any CPU
		Release|Any CPU = Release|Any CPU
	EndGlobalSection
	GlobalSection(ProjectConfigurationPlatforms) = postSolution
		{8F078323-26D3-0C9F-8286-348B1469A7AD}.Debug|Any CPU.ActiveCfg = Debug|Any CPU
		{8F078323-26D3-0C9F-8286-348B1469A7AD}.Debug|Any CPU.Build.0 = Debug|Any CPU
		{8F078323-26D3-0C9F-8286-348B1469A7AD}.Release|Any CPU.ActiveCfg = Release|Any CPU
		{8F078323-26D3-0C9F-8286-348B1469A7AD}.Release|Any CPU.Build.0 = Release|Any CPU
		{B17D3EE7-FFD5-244B-8354-3283E558EF83}.Debug|Any CPU.ActiveCfg = Debug|Any CPU
		{B17D3EE7-FFD5-244B-8354-3283E558EF83}.Debug|Any CPU.Build.0 = Debug|Any CPU
		{B17D3EE7-FFD5-244B-8354-3283E558EF83}.Release|Any CPU.ActiveCfg = Release|Any CPU
		{B17D3EE7-FFD5-244B-8354-3283E558EF83}.Release|Any CPU.Build.0 = Release|Any CPU
		{0D6ABE4F-E902-B1F5-D1E3-D72D8C42443B}.Debug|Any CPU.ActiveCfg = Debug|Any CPU
		{0D6ABE4F-E902-B1F5-D1E3-D72D8C42443B}.Debug|Any CPU.Build.0 = Debug|Any CPU
		{0D6ABE4F-E902-B1F5-D1E3-D72D8C42443B}.Release|Any CPU.ActiveCfg = Release|Any CPU
		{0D6ABE4F-E902-B1F5-D1E3-D72D8C42443B}.Release|Any CPU.Build.0 = Release|Any CPU
		{57673EC0-CD52-378B-E85E-BCF00446B374}.Debug|Any CPU.ActiveCfg = Debug|Any CPU
		{57673EC0-CD52-378B-E85E-BCF00446B374}.Debug|Any CPU.Build.0 = Debug|Any CPU
		{57673EC0-CD52-378B-E85E-BCF00446B374}.Release|Any CPU.ActiveCfg = Release|Any CPU
		{57673EC0-CD52-378B-E85E-BCF00446B374}.Release|Any CPU.Build.0 = Release|Any CPU
		{5C024E1E-13FA-CAC1-C958-516087540F4F}.Debug|Any CPU.ActiveCfg = Debug|Any CPU
		{5C024E1E-13FA-CAC1-C958-516087540F4F}.Debug|Any CPU.Build.0 = Debug|Any CPU
		{5C024E1E-13FA-CAC1-C958-516087540F4F}.Release|Any CPU.ActiveCfg = Release|Any CPU
		{5C024E1E-13FA-CAC1-C958-516087540F4F}.Release|Any CPU.Build.0 = Release|Any CPU
		{825F52A7-5D8F-AFB6-BFA1-E9A09E3E2256}.Debug|Any CPU.ActiveCfg = Debug|Any CPU
		{825F52A7-5D8F-AFB6-BFA1-E9A09E3E2256}.Debug|Any CPU.Build.0 = Debug|Any CPU
		{825F52A7-5D8F-AFB6-BFA1-E9A09E3E2256}.Release|Any CPU.ActiveCfg = Release|Any CPU
		{825F52A7-5D8F-AFB6-BFA1-E9A09E3E2256}.Release|Any CPU.Build.0 = Release|Any CPU
		{FC78F4E8-2B59-53C8-6807-D2B397D16B5B}.Debug|Any CPU.ActiveCfg = Debug|Any CPU
		{FC78F4E8-2B59-53C8-6807-D2B397D16B5B}.Debug|Any CPU.Build.0 = Debug|Any CPU
		{FC78F4E8-2B59-53C8-6807-D2B397D16B5B}.Release|Any CPU.ActiveCfg = Release|Any CPU
		{FC78F4E8-2B59-53C8-6807-D2B397D16B5B}.Release|Any CPU.Build.0 = Release|Any CPU
		{AE55FCA7-50B5-6110-9263-BA1C4F5B3AFB}.Debug|Any CPU.ActiveCfg = Debug|Any CPU
		{AE55FCA7-50B5-6110-9263-BA1C4F5B3AFB}.Debug|Any CPU.Build.0 = Debug|Any CPU
		{AE55FCA7-50B5-6110-9263-BA1C4F5B3AFB}.Release|Any CPU.ActiveCfg = Release|Any CPU
		{AE55FCA7-50B5-6110-9263-BA1C4F5B3AFB}.Release|Any CPU.Build.0 = Release|Any CPU
		{730CAA53-1D22-B260-953E-D50498F9B50F}.Debug|Any CPU.ActiveCfg = Debug|Any CPU
		{730CAA53-1D22-B260-953E-D50498F9B50F}.Debug|Any CPU.Build.0 = Debug|Any CPU
		{730CAA53-1D22-B260-953E-D50498F9B50F}.Release|Any CPU.ActiveCfg = Release|Any CPU
		{730CAA53-1D22-B260-953E-D50498F9B50F}.Release|Any CPU.Build.0 = Release|Any CPU
		{2C83069C-B146-3F8F-559A-CB28FD8FBB5F}.Debug|Any CPU.ActiveCfg = Debug|Any CPU
		{2C83069C-B146-3F8F-559A-CB28FD8FBB5F}.Debug|Any CPU.Build.0 = Debug|Any CPU
		{2C83069C-B146-3F8F-559A-CB28FD8FBB5F}.Release|Any CPU.ActiveCfg = Release|Any CPU
		{2C83069C-B146-3F8F-559A-CB28FD8FBB5F}.Release|Any CPU.Build.0 = Release|Any CPU
		{85569D1E-E935-F28B-D104-27B9FE2D4FC6}.Debug|Any CPU.ActiveCfg = Debug|Any CPU
		{85569D1E-E935-F28B-D104-27B9FE2D4FC6}.Debug|Any CPU.Build.0 = Debug|Any CPU
		{85569D1E-E935-F28B-D104-27B9FE2D4FC6}.Release|Any CPU.ActiveCfg = Release|Any CPU
		{85569D1E-E935-F28B-D104-27B9FE2D4FC6}.Release|Any CPU.Build.0 = Release|Any CPU
		{F1ECD10C-A6CE-FB7D-2DDF-805B2321A7E9}.Debug|Any CPU.ActiveCfg = Debug|Any CPU
		{F1ECD10C-A6CE-FB7D-2DDF-805B2321A7E9}.Debug|Any CPU.Build.0 = Debug|Any CPU
		{F1ECD10C-A6CE-FB7D-2DDF-805B2321A7E9}.Release|Any CPU.ActiveCfg = Release|Any CPU
		{F1ECD10C-A6CE-FB7D-2DDF-805B2321A7E9}.Release|Any CPU.Build.0 = Release|Any CPU
		{C60E3BFF-D0A6-18DD-920B-21FB32BB17D9}.Debug|Any CPU.ActiveCfg = Debug|Any CPU
		{C60E3BFF-D0A6-18DD-920B-21FB32BB17D9}.Debug|Any CPU.Build.0 = Debug|Any CPU
		{C60E3BFF-D0A6-18DD-920B-21FB32BB17D9}.Release|Any CPU.ActiveCfg = Release|Any CPU
		{C60E3BFF-D0A6-18DD-920B-21FB32BB17D9}.Release|Any CPU.Build.0 = Release|Any CPU
		{E6AA6EEC-0A6F-B242-5757-FCF8B8861B5A}.Debug|Any CPU.ActiveCfg = Debug|Any CPU
		{E6AA6EEC-0A6F-B242-5757-FCF8B8861B5A}.Debug|Any CPU.Build.0 = Debug|Any CPU
		{E6AA6EEC-0A6F-B242-5757-FCF8B8861B5A}.Release|Any CPU.ActiveCfg = Release|Any CPU
		{E6AA6EEC-0A6F-B242-5757-FCF8B8861B5A}.Release|Any CPU.Build.0 = Release|Any CPU
		{E59AE9B2-523B-26DF-9CBB-C89BFAA6818B}.Debug|Any CPU.ActiveCfg = Debug|Any CPU
		{E59AE9B2-523B-26DF-9CBB-C89BFAA6818B}.Debug|Any CPU.Build.0 = Debug|Any CPU
		{E59AE9B2-523B-26DF-9CBB-C89BFAA6818B}.Release|Any CPU.ActiveCfg = Release|Any CPU
		{E59AE9B2-523B-26DF-9CBB-C89BFAA6818B}.Release|Any CPU.Build.0 = Release|Any CPU
		{2C00DF0E-B29A-3659-09CB-D36E28B168E3}.Debug|Any CPU.ActiveCfg = Debug|Any CPU
		{2C00DF0E-B29A-3659-09CB-D36E28B168E3}.Debug|Any CPU.Build.0 = Debug|Any CPU
		{2C00DF0E-B29A-3659-09CB-D36E28B168E3}.Release|Any CPU.ActiveCfg = Release|Any CPU
		{2C00DF0E-B29A-3659-09CB-D36E28B168E3}.Release|Any CPU.Build.0 = Release|Any CPU
		{BF53C3C0-A8DD-9E2B-4C06-BE33D19C581F}.Debug|Any CPU.ActiveCfg = Debug|Any CPU
		{BF53C3C0-A8DD-9E2B-4C06-BE33D19C581F}.Debug|Any CPU.Build.0 = Debug|Any CPU
		{BF53C3C0-A8DD-9E2B-4C06-BE33D19C581F}.Release|Any CPU.ActiveCfg = Release|Any CPU
		{BF53C3C0-A8DD-9E2B-4C06-BE33D19C581F}.Release|Any CPU.Build.0 = Release|Any CPU
		{A8B99E25-7EFA-7D6D-052F-14A5051C9D8A}.Debug|Any CPU.ActiveCfg = Debug|Any CPU
		{A8B99E25-7EFA-7D6D-052F-14A5051C9D8A}.Debug|Any CPU.Build.0 = Debug|Any CPU
		{A8B99E25-7EFA-7D6D-052F-14A5051C9D8A}.Release|Any CPU.ActiveCfg = Release|Any CPU
		{A8B99E25-7EFA-7D6D-052F-14A5051C9D8A}.Release|Any CPU.Build.0 = Release|Any CPU
		{C9284394-E58C-7A8C-08D3-71007F0DBC55}.Debug|Any CPU.ActiveCfg = Debug|Any CPU
		{C9284394-E58C-7A8C-08D3-71007F0DBC55}.Debug|Any CPU.Build.0 = Debug|Any CPU
		{C9284394-E58C-7A8C-08D3-71007F0DBC55}.Release|Any CPU.ActiveCfg = Release|Any CPU
		{C9284394-E58C-7A8C-08D3-71007F0DBC55}.Release|Any CPU.Build.0 = Release|Any CPU
		{62D01139-7DFB-0390-A684-34D33E219C00}.Debug|Any CPU.ActiveCfg = Debug|Any CPU
		{62D01139-7DFB-0390-A684-34D33E219C00}.Debug|Any CPU.Build.0 = Debug|Any CPU
		{62D01139-7DFB-0390-A684-34D33E219C00}.Release|Any CPU.ActiveCfg = Release|Any CPU
		{62D01139-7DFB-0390-A684-34D33E219C00}.Release|Any CPU.Build.0 = Release|Any CPU
		{A2C9C2FB-3D76-5CE1-BFC7-8C3EF97632FA}.Debug|Any CPU.ActiveCfg = Debug|Any CPU
		{A2C9C2FB-3D76-5CE1-BFC7-8C3EF97632FA}.Debug|Any CPU.Build.0 = Debug|Any CPU
		{A2C9C2FB-3D76-5CE1-BFC7-8C3EF97632FA}.Release|Any CPU.ActiveCfg = Release|Any CPU
		{A2C9C2FB-3D76-5CE1-BFC7-8C3EF97632FA}.Release|Any CPU.Build.0 = Release|Any CPU
		{158B1615-3A00-5A98-D989-3C3870D858EC}.Debug|Any CPU.ActiveCfg = Debug|Any CPU
		{158B1615-3A00-5A98-D989-3C3870D858EC}.Debug|Any CPU.Build.0 = Debug|Any CPU
		{158B1615-3A00-5A98-D989-3C3870D858EC}.Release|Any CPU.ActiveCfg = Release|Any CPU
		{158B1615-3A00-5A98-D989-3C3870D858EC}.Release|Any CPU.Build.0 = Release|Any CPU
		{47A22C13-01D3-60A5-C185-548E1F144BF0}.Debug|Any CPU.ActiveCfg = Debug|Any CPU
		{47A22C13-01D3-60A5-C185-548E1F144BF0}.Debug|Any CPU.Build.0 = Debug|Any CPU
		{47A22C13-01D3-60A5-C185-548E1F144BF0}.Release|Any CPU.ActiveCfg = Release|Any CPU
		{47A22C13-01D3-60A5-C185-548E1F144BF0}.Release|Any CPU.Build.0 = Release|Any CPU
		{A8A387DA-99D0-8FE1-BEB0-DD7E4AA2052F}.Debug|Any CPU.ActiveCfg = Debug|Any CPU
		{A8A387DA-99D0-8FE1-BEB0-DD7E4AA2052F}.Debug|Any CPU.Build.0 = Debug|Any CPU
		{A8A387DA-99D0-8FE1-BEB0-DD7E4AA2052F}.Release|Any CPU.ActiveCfg = Release|Any CPU
		{A8A387DA-99D0-8FE1-BEB0-DD7E4AA2052F}.Release|Any CPU.Build.0 = Release|Any CPU
		{C14A39D8-BED7-6054-CA9A-2CDDDB8E760F}.Debug|Any CPU.ActiveCfg = Debug|Any CPU
		{C14A39D8-BED7-6054-CA9A-2CDDDB8E760F}.Debug|Any CPU.Build.0 = Debug|Any CPU
		{C14A39D8-BED7-6054-CA9A-2CDDDB8E760F}.Release|Any CPU.ActiveCfg = Release|Any CPU
		{C14A39D8-BED7-6054-CA9A-2CDDDB8E760F}.Release|Any CPU.Build.0 = Release|Any CPU
		{660F12E4-BFEC-85A3-F2E0-D0F42BD26DBF}.Debug|Any CPU.ActiveCfg = Debug|Any CPU
		{660F12E4-BFEC-85A3-F2E0-D0F42BD26DBF}.Debug|Any CPU.Build.0 = Debug|Any CPU
		{660F12E4-BFEC-85A3-F2E0-D0F42BD26DBF}.Release|Any CPU.ActiveCfg = Release|Any CPU
		{660F12E4-BFEC-85A3-F2E0-D0F42BD26DBF}.Release|Any CPU.Build.0 = Release|Any CPU
		{C4104BCD-5011-E93A-93CA-20AF776B143C}.Debug|Any CPU.ActiveCfg = Debug|Any CPU
		{C4104BCD-5011-E93A-93CA-20AF776B143C}.Debug|Any CPU.Build.0 = Debug|Any CPU
		{C4104BCD-5011-E93A-93CA-20AF776B143C}.Release|Any CPU.ActiveCfg = Release|Any CPU
		{C4104BCD-5011-E93A-93CA-20AF776B143C}.Release|Any CPU.Build.0 = Release|Any CPU
		{F54EE84F-44B1-7B00-B4CA-F30AB534136D}.Debug|Any CPU.ActiveCfg = Debug|Any CPU
		{F54EE84F-44B1-7B00-B4CA-F30AB534136D}.Debug|Any CPU.Build.0 = Debug|Any CPU
		{F54EE84F-44B1-7B00-B4CA-F30AB534136D}.Release|Any CPU.ActiveCfg = Release|Any CPU
		{F54EE84F-44B1-7B00-B4CA-F30AB534136D}.Release|Any CPU.Build.0 = Release|Any CPU
		{67CA08F0-94DF-BEAF-8E53-A642D1B22E46}.Debug|Any CPU.ActiveCfg = Debug|Any CPU
		{67CA08F0-94DF-BEAF-8E53-A642D1B22E46}.Debug|Any CPU.Build.0 = Debug|Any CPU
		{67CA08F0-94DF-BEAF-8E53-A642D1B22E46}.Release|Any CPU.ActiveCfg = Release|Any CPU
		{67CA08F0-94DF-BEAF-8E53-A642D1B22E46}.Release|Any CPU.Build.0 = Release|Any CPU
		{4686C6D8-6DC4-E9AA-418F-2DB8540B25F8}.Debug|Any CPU.ActiveCfg = Debug|Any CPU
		{4686C6D8-6DC4-E9AA-418F-2DB8540B25F8}.Debug|Any CPU.Build.0 = Debug|Any CPU
		{4686C6D8-6DC4-E9AA-418F-2DB8540B25F8}.Release|Any CPU.ActiveCfg = Release|Any CPU
		{4686C6D8-6DC4-E9AA-418F-2DB8540B25F8}.Release|Any CPU.Build.0 = Release|Any CPU
		{54FB1C69-CFDB-CF4E-B7FA-A5EE026A33D4}.Debug|Any CPU.ActiveCfg = Debug|Any CPU
		{54FB1C69-CFDB-CF4E-B7FA-A5EE026A33D4}.Debug|Any CPU.Build.0 = Debug|Any CPU
		{54FB1C69-CFDB-CF4E-B7FA-A5EE026A33D4}.Release|Any CPU.ActiveCfg = Release|Any CPU
		{54FB1C69-CFDB-CF4E-B7FA-A5EE026A33D4}.Release|Any CPU.Build.0 = Release|Any CPU
		{8FCDAAA2-4CD9-FC63-49A7-F65925F6CCBF}.Debug|Any CPU.ActiveCfg = Debug|Any CPU
		{8FCDAAA2-4CD9-FC63-49A7-F65925F6CCBF}.Debug|Any CPU.Build.0 = Debug|Any CPU
		{8FCDAAA2-4CD9-FC63-49A7-F65925F6CCBF}.Release|Any CPU.ActiveCfg = Release|Any CPU
		{8FCDAAA2-4CD9-FC63-49A7-F65925F6CCBF}.Release|Any CPU.Build.0 = Release|Any CPU
		{E11EF275-4BA7-2C1F-60D6-E1ED6C09D50B}.Debug|Any CPU.ActiveCfg = Debug|Any CPU
		{E11EF275-4BA7-2C1F-60D6-E1ED6C09D50B}.Debug|Any CPU.Build.0 = Debug|Any CPU
		{E11EF275-4BA7-2C1F-60D6-E1ED6C09D50B}.Release|Any CPU.ActiveCfg = Release|Any CPU
		{E11EF275-4BA7-2C1F-60D6-E1ED6C09D50B}.Release|Any CPU.Build.0 = Release|Any CPU
		{24591754-DFAA-C965-C383-B937FA972BBF}.Debug|Any CPU.ActiveCfg = Debug|Any CPU
		{24591754-DFAA-C965-C383-B937FA972BBF}.Debug|Any CPU.Build.0 = Debug|Any CPU
		{24591754-DFAA-C965-C383-B937FA972BBF}.Release|Any CPU.ActiveCfg = Release|Any CPU
		{24591754-DFAA-C965-C383-B937FA972BBF}.Release|Any CPU.Build.0 = Release|Any CPU
		{F0FEAFBD-B30D-F8B7-C5A3-581FF142647F}.Debug|Any CPU.ActiveCfg = Debug|Any CPU
		{F0FEAFBD-B30D-F8B7-C5A3-581FF142647F}.Debug|Any CPU.Build.0 = Debug|Any CPU
		{F0FEAFBD-B30D-F8B7-C5A3-581FF142647F}.Release|Any CPU.ActiveCfg = Release|Any CPU
		{F0FEAFBD-B30D-F8B7-C5A3-581FF142647F}.Release|Any CPU.Build.0 = Release|Any CPU
		{303D7813-2EB2-A56C-0E8D-E46EB21B9A99}.Debug|Any CPU.ActiveCfg = Debug|Any CPU
		{303D7813-2EB2-A56C-0E8D-E46EB21B9A99}.Debug|Any CPU.Build.0 = Debug|Any CPU
		{303D7813-2EB2-A56C-0E8D-E46EB21B9A99}.Release|Any CPU.ActiveCfg = Release|Any CPU
		{303D7813-2EB2-A56C-0E8D-E46EB21B9A99}.Release|Any CPU.Build.0 = Release|Any CPU
		{F73CAB72-589B-677F-1143-782F913771EA}.Debug|Any CPU.ActiveCfg = Debug|Any CPU
		{F73CAB72-589B-677F-1143-782F913771EA}.Debug|Any CPU.Build.0 = Debug|Any CPU
		{F73CAB72-589B-677F-1143-782F913771EA}.Release|Any CPU.ActiveCfg = Release|Any CPU
		{F73CAB72-589B-677F-1143-782F913771EA}.Release|Any CPU.Build.0 = Release|Any CPU
		{F7CD4365-8C94-BDEF-14BE-A745585B3DE4}.Debug|Any CPU.ActiveCfg = Debug|Any CPU
		{F7CD4365-8C94-BDEF-14BE-A745585B3DE4}.Debug|Any CPU.Build.0 = Debug|Any CPU
		{F7CD4365-8C94-BDEF-14BE-A745585B3DE4}.Release|Any CPU.ActiveCfg = Release|Any CPU
		{F7CD4365-8C94-BDEF-14BE-A745585B3DE4}.Release|Any CPU.Build.0 = Release|Any CPU
		{8349C389-21CA-53CF-BFED-DBF75139BD6E}.Debug|Any CPU.ActiveCfg = Debug|Any CPU
		{8349C389-21CA-53CF-BFED-DBF75139BD6E}.Debug|Any CPU.Build.0 = Debug|Any CPU
		{8349C389-21CA-53CF-BFED-DBF75139BD6E}.Release|Any CPU.ActiveCfg = Release|Any CPU
		{8349C389-21CA-53CF-BFED-DBF75139BD6E}.Release|Any CPU.Build.0 = Release|Any CPU
		{6788378F-AB6B-64DE-6720-025AF15D81CB}.Debug|Any CPU.ActiveCfg = Debug|Any CPU
		{6788378F-AB6B-64DE-6720-025AF15D81CB}.Debug|Any CPU.Build.0 = Debug|Any CPU
		{6788378F-AB6B-64DE-6720-025AF15D81CB}.Release|Any CPU.ActiveCfg = Release|Any CPU
		{6788378F-AB6B-64DE-6720-025AF15D81CB}.Release|Any CPU.Build.0 = Release|Any CPU
		{32D35FD9-C99B-731B-5801-540DC18AAC99}.Debug|Any CPU.ActiveCfg = Debug|Any CPU
		{32D35FD9-C99B-731B-5801-540DC18AAC99}.Debug|Any CPU.Build.0 = Debug|Any CPU
		{32D35FD9-C99B-731B-5801-540DC18AAC99}.Release|Any CPU.ActiveCfg = Release|Any CPU
		{32D35FD9-C99B-731B-5801-540DC18AAC99}.Release|Any CPU.Build.0 = Release|Any CPU
		{4ABB5901-3500-7323-D6E7-CB76B3DBFC89}.Debug|Any CPU.ActiveCfg = Debug|Any CPU
		{4ABB5901-3500-7323-D6E7-CB76B3DBFC89}.Debug|Any CPU.Build.0 = Debug|Any CPU
		{4ABB5901-3500-7323-D6E7-CB76B3DBFC89}.Release|Any CPU.ActiveCfg = Release|Any CPU
		{4ABB5901-3500-7323-D6E7-CB76B3DBFC89}.Release|Any CPU.Build.0 = Release|Any CPU
		{1170B1FA-7982-9874-0EE5-70167FC34B42}.Debug|Any CPU.ActiveCfg = Debug|Any CPU
		{1170B1FA-7982-9874-0EE5-70167FC34B42}.Debug|Any CPU.Build.0 = Debug|Any CPU
		{1170B1FA-7982-9874-0EE5-70167FC34B42}.Release|Any CPU.ActiveCfg = Release|Any CPU
		{1170B1FA-7982-9874-0EE5-70167FC34B42}.Release|Any CPU.Build.0 = Release|Any CPU
		{55F68358-A4B2-4EA2-741B-5A44C34A64A4}.Debug|Any CPU.ActiveCfg = Debug|Any CPU
		{55F68358-A4B2-4EA2-741B-5A44C34A64A4}.Debug|Any CPU.Build.0 = Debug|Any CPU
		{55F68358-A4B2-4EA2-741B-5A44C34A64A4}.Release|Any CPU.ActiveCfg = Release|Any CPU
		{55F68358-A4B2-4EA2-741B-5A44C34A64A4}.Release|Any CPU.Build.0 = Release|Any CPU
		{4AB46B5D-9C49-A4C3-F35C-42B6BC462DEE}.Debug|Any CPU.ActiveCfg = Debug|Any CPU
		{4AB46B5D-9C49-A4C3-F35C-42B6BC462DEE}.Debug|Any CPU.Build.0 = Debug|Any CPU
		{4AB46B5D-9C49-A4C3-F35C-42B6BC462DEE}.Release|Any CPU.ActiveCfg = Release|Any CPU
		{4AB46B5D-9C49-A4C3-F35C-42B6BC462DEE}.Release|Any CPU.Build.0 = Release|Any CPU
	EndGlobalSection
	GlobalSection(SolutionProperties) = preSolution
		HideSolutionNode = FALSE
	EndGlobalSection
EndGlobal
